
Microsoft Visual Studio Solution File, Format Version 12.00
Project("{FAE04EC0-301F-11D3-BF4B-00C04F79EFBC}") = "ExplorerDesktop", "ExplorerDesktop\ExplorerDesktop.csproj", "{87318624-562C-4F18-B58A-A6A9A41553B7}"
EndProject
Project("{FAE04EC0-301F-11D3-BF4B-00C04F79EFBC}") = "ExplorerDesktop.Domain", "ExplorerDesktop.Domain\ExplorerDesktop.Domain.csproj", "{75F47324-25AA-411F-99CA-1579CB19AD2A}"
EndProject
Global
	GlobalSection(SolutionConfigurationPlatforms) = preSolution
		Debug|Any CPU = Debug|Any CPU
		Release|Any CPU = Release|Any CPU
	EndGlobalSection
	GlobalSection(ProjectConfigurationPlatforms) = postSolution
		{87318624-562C-4F18-B58A-A6A9A41553B7}.Debug|Any CPU.ActiveCfg = Debug|Any CPU
		{87318624-562C-4F18-B58A-A6A9A41553B7}.Debug|Any CPU.Build.0 = Debug|Any CPU
		{87318624-562C-4F18-B58A-A6A9A41553B7}.Release|Any CPU.ActiveCfg = Release|Any CPU
		{87318624-562C-4F18-B58A-A6A9A41553B7}.Release|Any CPU.Build.0 = Release|Any CPU
		{75F47324-25AA-411F-99CA-1579CB19AD2A}.Debug|Any CPU.ActiveCfg = Debug|Any CPU
		{75F47324-25AA-411F-99CA-1579CB19AD2A}.Debug|Any CPU.Build.0 = Debug|Any CPU
		{75F47324-25AA-411F-99CA-1579CB19AD2A}.Release|Any CPU.ActiveCfg = Release|Any CPU
		{75F47324-25AA-411F-99CA-1579CB19AD2A}.Release|Any CPU.Build.0 = Release|Any CPU
	EndGlobalSection
EndGlobal
